
Microsoft Visual Studio Solution File, Format Version 12.00
# Visual Studio Version 17
VisualStudioVersion = 17.9.34622.214
MinimumVisualStudioVersion = 10.0.40219.1
Project("{9A19103F-16F7-4668-BE54-9A1E7A4F7556}") = "DemoClase", "src\DemoClase\DemoClase.csproj", "{120D9886-E95E-4497-8245-17AF0ADB108D}"
EndProject
Project("{9A19103F-16F7-4668-BE54-9A1E7A4F7556}") = "ControllerClase", "src\ControllerClase\ControllerClase.csproj", "{07446F2E-271E-4EE6-BB64-60F5DF929904}"
EndProject
Project("{9A19103F-16F7-4668-BE54-9A1E7A4F7556}") = "ModelClase", "src\ModelClase\ModelClase.csproj", "{FF4C261D-82B5-426E-B99C-AC99599D6FED}"
EndProject
Project("{2150E333-8FDC-42A3-9474-1A3956D46DE8}") = "src", "src", "{1EF59068-BCE2-436B-BFC9-5EC69F0CD587}"
EndProject
Project("{2150E333-8FDC-42A3-9474-1A3956D46DE8}") = "test", "test", "{B6711BE2-3DD3-45B9-8436-9319415FDC3F}"
EndProject
Project("{9A19103F-16F7-4668-BE54-9A1E7A4F7556}") = "Quiz2", "src\Quiz2\Quiz2\Quiz2.csproj", "{24C4F216-D2F4-496E-B1A3-A93C72E8A74D}"
EndProject
Project("{FAE04EC0-301F-11D3-BF4B-00C04F79EFBC}") = "Quiz2Test", "test\Quiz2Test\Quiz2Test.csproj", "{CF038771-B6EB-4419-AC1F-97B82F2CE307}"
EndProject
Global
	GlobalSection(SolutionConfigurationPlatforms) = preSolution
		Debug|Any CPU = Debug|Any CPU
		Release|Any CPU = Release|Any CPU
	EndGlobalSection
	GlobalSection(ProjectConfigurationPlatforms) = postSolution
		{120D9886-E95E-4497-8245-17AF0ADB108D}.Debug|Any CPU.ActiveCfg = Debug|Any CPU
		{120D9886-E95E-4497-8245-17AF0ADB108D}.Debug|Any CPU.Build.0 = Debug|Any CPU
		{120D9886-E95E-4497-8245-17AF0ADB108D}.Release|Any CPU.ActiveCfg = Release|Any CPU
		{120D9886-E95E-4497-8245-17AF0ADB108D}.Release|Any CPU.Build.0 = Release|Any CPU
		{07446F2E-271E-4EE6-BB64-60F5DF929904}.Debug|Any CPU.ActiveCfg = Debug|Any CPU
		{07446F2E-271E-4EE6-BB64-60F5DF929904}.Debug|Any CPU.Build.0 = Debug|Any CPU
		{07446F2E-271E-4EE6-BB64-60F5DF929904}.Release|Any CPU.ActiveCfg = Release|Any CPU
		{07446F2E-271E-4EE6-BB64-60F5DF929904}.Release|Any CPU.Build.0 = Release|Any CPU
		{FF4C261D-82B5-426E-B99C-AC99599D6FED}.Debug|Any CPU.ActiveCfg = Debug|Any CPU
		{FF4C261D-82B5-426E-B99C-AC99599D6FED}.Debug|Any CPU.Build.0 = Debug|Any CPU
		{FF4C261D-82B5-426E-B99C-AC99599D6FED}.Release|Any CPU.ActiveCfg = Release|Any CPU
		{FF4C261D-82B5-426E-B99C-AC99599D6FED}.Release|Any CPU.Build.0 = Release|Any CPU
		{24C4F216-D2F4-496E-B1A3-A93C72E8A74D}.Debug|Any CPU.ActiveCfg = Debug|Any CPU
		{24C4F216-D2F4-496E-B1A3-A93C72E8A74D}.Debug|Any CPU.Build.0 = Debug|Any CPU
		{24C4F216-D2F4-496E-B1A3-A93C72E8A74D}.Release|Any CPU.ActiveCfg = Release|Any CPU
		{24C4F216-D2F4-496E-B1A3-A93C72E8A74D}.Release|Any CPU.Build.0 = Release|Any CPU
		{CF038771-B6EB-4419-AC1F-97B82F2CE307}.Debug|Any CPU.ActiveCfg = Debug|Any CPU
		{CF038771-B6EB-4419-AC1F-97B82F2CE307}.Debug|Any CPU.Build.0 = Debug|Any CPU
		{CF038771-B6EB-4419-AC1F-97B82F2CE307}.Release|Any CPU.ActiveCfg = Release|Any CPU
		{CF038771-B6EB-4419-AC1F-97B82F2CE307}.Release|Any CPU.Build.0 = Release|Any CPU
	EndGlobalSection
	GlobalSection(SolutionProperties) = preSolution
		HideSolutionNode = FALSE
	EndGlobalSection
	GlobalSection(NestedProjects) = preSolution
		{120D9886-E95E-4497-8245-17AF0ADB108D} = {1EF59068-BCE2-436B-BFC9-5EC69F0CD587}
		{07446F2E-271E-4EE6-BB64-60F5DF929904} = {1EF59068-BCE2-436B-BFC9-5EC69F0CD587}
		{FF4C261D-82B5-426E-B99C-AC99599D6FED} = {1EF59068-BCE2-436B-BFC9-5EC69F0CD587}
		{24C4F216-D2F4-496E-B1A3-A93C72E8A74D} = {1EF59068-BCE2-436B-BFC9-5EC69F0CD587}
		{CF038771-B6EB-4419-AC1F-97B82F2CE307} = {B6711BE2-3DD3-45B9-8436-9319415FDC3F}
	EndGlobalSection
	GlobalSection(ExtensibilityGlobals) = postSolution
		SolutionGuid = {191C43FE-C7DB-40E2-87BC-DDAF0D0FD0EB}
	EndGlobalSection
EndGlobal
